
Microsoft Visual Studio Solution File, Format Version 12.00
# Visual Studio Version 17
VisualStudioVersion = 17.9.34714.143
MinimumVisualStudioVersion = 10.0.40219.1
Project("{9A19103F-16F7-4668-BE54-9A1E7A4F7556}") = "SvgTools", "SvgTools\SvgTools.csproj", "{5FC63F15-E12F-470A-91C9-E26E58A5D38B}"
EndProject
Project("{9A19103F-16F7-4668-BE54-9A1E7A4F7556}") = "SvgToolsLib", "SvgToolsLib\SvgToolsLib.csproj", "{4F7EAE08-5B4D-49E2-B7C6-5A897A64E8A4}"
EndProject
Global
	GlobalSection(SolutionConfigurationPlatforms) = preSolution
		Debug|Any CPU = Debug|Any CPU
		Debug|x64 = Debug|x64
		Release|Any CPU = Release|Any CPU
		Release|x64 = Release|x64
	EndGlobalSection
	GlobalSection(ProjectConfigurationPlatforms) = postSolution
		{5FC63F15-E12F-470A-91C9-E26E58A5D38B}.Debug|Any CPU.ActiveCfg = Debug|Any CPU
		{5FC63F15-E12F-470A-91C9-E26E58A5D38B}.Debug|Any CPU.Build.0 = Debug|Any CPU
		{5FC63F15-E12F-470A-91C9-E26E58A5D38B}.Debug|x64.ActiveCfg = Debug|Any CPU
		{5FC63F15-E12F-470A-91C9-E26E58A5D38B}.Debug|x64.Build.0 = Debug|Any CPU
		{5FC63F15-E12F-470A-91C9-E26E58A5D38B}.Release|Any CPU.ActiveCfg = Release|Any CPU
		{5FC63F15-E12F-470A-91C9-E26E58A5D38B}.Release|Any CPU.Build.0 = Release|Any CPU
		{5FC63F15-E12F-470A-91C9-E26E58A5D38B}.Release|x64.ActiveCfg = Release|Any CPU
		{5FC63F15-E12F-470A-91C9-E26E58A5D38B}.Release|x64.Build.0 = Release|Any CPU
		{4F7EAE08-5B4D-49E2-B7C6-5A897A64E8A4}.Debug|Any CPU.ActiveCfg = Debug|Any CPU
		{4F7EAE08-5B4D-49E2-B7C6-5A897A64E8A4}.Debug|Any CPU.Build.0 = Debug|Any CPU
		{4F7EAE08-5B4D-49E2-B7C6-5A897A64E8A4}.Debug|x64.ActiveCfg = Debug|Any CPU
		{4F7EAE08-5B4D-49E2-B7C6-5A897A64E8A4}.Debug|x64.Build.0 = Debug|Any CPU
		{4F7EAE08-5B4D-49E2-B7C6-5A897A64E8A4}.Release|Any CPU.ActiveCfg = Release|Any CPU
		{4F7EAE08-5B4D-49E2-B7C6-5A897A64E8A4}.Release|Any CPU.Build.0 = Release|Any CPU
		{4F7EAE08-5B4D-49E2-B7C6-5A897A64E8A4}.Release|x64.ActiveCfg = Release|Any CPU
		{4F7EAE08-5B4D-49E2-B7C6-5A897A64E8A4}.Release|x64.Build.0 = Release|Any CPU
	EndGlobalSection
	GlobalSection(SolutionProperties) = preSolution
		HideSolutionNode = FALSE
	EndGlobalSection
	GlobalSection(ExtensibilityGlobals) = postSolution
		SolutionGuid = {906775E1-FBF5-4C58-8F9F-FFD7777921BE}
	EndGlobalSection
EndGlobal
